{
  "originHash" : "898e21d44e5a7134ad3ab2f252a109cb2e89f20ac585f176c8a9a49d3b59b9a1",
  "pins" : [
    {
      "identity" : "bigint",
      "kind" : "remoteSourceControl",
      "location" : "https://github.com/attaswift/BigInt.git",
      "state" : {
        "revision" : "63feef7820abb1a8fb08587d7da56bb0b7db8751",
        "version" : "6.0.1"
      }
    },
    {
      "identity" : "ivorsmpte",
      "kind" : "remoteSourceControl",
      "location" : "https://github.com/eBardX/IvorSMPTE.git",
      "state" : {
        "branch" : "develop",
        "revision" : "8d31137b34ceb47c0e5fd2040a6cf2e1884c9a2a"
      }
    },
    {
      "identity" : "swift-numerics",
      "kind" : "remoteSourceControl",
      "location" : "https://github.com/apple/swift-numerics",
      "state" : {
        "revision" : "0c0290ff6b24942dadb83a929ffaaa1481df04a2",
        "version" : "1.1.1"
      }
    },
    {
      "identity" : "xestinumbers",
      "kind" : "remoteSourceControl",
      "location" : "https://github.com/eBardX/XestiNumbers.git",
      "state" : {
        "revision" : "1df695e1a3fcc8f553c273b6231032a12386eecb",
        "version" : "1.3.1"
      }
    },
    {
      "identity" : "xestitools",
      "kind" : "remoteSourceControl",
      "location" : "https://github.com/eBardX/XestiTools.git",
      "state" : {
        "revision" : "35a4c43dde224aadcadad66dac7a35104537694d",
        "version" : "10.0.0"
      }
    }
  ],
  "version" : 3
}
